// !$*UTF8*$!
{
	archiveVersion = 1;
	classes = {
	};
	objectVersion = 56;
	objects = {

/* Begin PBXBuildFile section */
		B37E062F2A5613DB00FD5A0A /* pruebaappApp.swift in Sources */ = {isa = PBXBuildFile; fileRef = B37E062E2A5613DB00FD5A0A /* pruebaappApp.swift */; };
		B37E06312A5613DB00FD5A0A /* ContentView.swift in Sources */ = {isa = PBXBuildFile; fileRef = B37E06302A5613DB00FD5A0A /* ContentView.swift */; };
		B37E06332A5613DE00FD5A0A /* Assets.xcassets in Resources */ = {isa = PBXBuildFile; fileRef = B37E06322A5613DE00FD5A0A /* Assets.xcassets */; };
		B37E06362A5613DE00FD5A0A /* Preview Assets.xcassets in Resources */ = {isa = PBXBuildFile; fileRef = B37E06352A5613DE00FD5A0A /* Preview Assets.xcassets */; };
		B37E063E2A5617C800FD5A0A /* Product.swift in Sources */ = {isa = PBXBuildFile; fileRef = B37E063D2A5617C800FD5A0A /* Product.swift */; };
		B37E06472A5642DD00FD5A0A /* Colors.swift in Sources */ = {isa = PBXBuildFile; fileRef = B37E06462A5642DD00FD5A0A /* Colors.swift */; };
		B37E064A2A56439900FD5A0A /* DetailView.swift in Sources */ = {isa = PBXBuildFile; fileRef = B37E06492A56439900FD5A0A /* DetailView.swift */; };
/* End PBXBuildFile section */

/* Begin PBXFileReference section */
		B37E062B2A5613DB00FD5A0A /* pruebaapp.app */ = {isa = PBXFileReference; explicitFileType = wrapper.application; includeInIndex = 0; path = pruebaapp.app; sourceTree = BUILT_PRODUCTS_DIR; };
		B37E062E2A5613DB00FD5A0A /* pruebaappApp.swift */ = {isa = PBXFileReference; lastKnownFileType = sourcecode.swift; path = pruebaappApp.swift; sourceTree = "<group>"; };
		B37E06302A5613DB00FD5A0A /* ContentView.swift */ = {isa = PBXFileReference; lastKnownFileType = sourcecode.swift; path = ContentView.swift; sourceTree = "<group>"; };
		B37E06322A5613DE00FD5A0A /* Assets.xcassets */ = {isa = PBXFileReference; lastKnownFileType = folder.assetcatalog; path = Assets.xcassets; sourceTree = "<group>"; };
		B37E06352A5613DE00FD5A0A /* Preview Assets.xcassets */ = {isa = PBXFileReference; lastKnownFileType = folder.assetcatalog; path = "Preview Assets.xcassets"; sourceTree = "<group>"; };
		B37E063D2A5617C800FD5A0A /* Product.swift */ = {isa = PBXFileReference; lastKnownFileType = sourcecode.swift; path = Product.swift; sourceTree = "<group>"; };
		B37E06462A5642DD00FD5A0A /* Colors.swift */ = {isa = PBXFileReference; lastKnownFileType = sourcecode.swift; path = Colors.swift; sourceTree = "<group>"; };
		B37E06492A56439900FD5A0A /* DetailView.swift */ = {isa = PBXFileReference; lastKnownFileType = sourcecode.swift; path = DetailView.swift; sourceTree = "<group>"; };
/* End PBXFileReference section */

/* Begin PBXFrameworksBuildPhase section */
		B37E06282A5613DB00FD5A0A /* Frameworks */ = {
			isa = PBXFrameworksBuildPhase;
			buildActionMask = 2147483647;
			files = (
			);
			runOnlyForDeploymentPostprocessing = 0;
		};
/* End PBXFrameworksBuildPhase section */

/* Begin PBXGroup section */
		B37E06222A5613DB00FD5A0A = {
			isa = PBXGroup;
			children = (
				B37E062D2A5613DB00FD5A0A /* pruebaapp */,
				B37E062C2A5613DB00FD5A0A /* Products */,
			);
			sourceTree = "<group>";
		};
		B37E062C2A5613DB00FD5A0A /* Products */ = {
			isa = PBXGroup;
			children = (
				B37E062B2A5613DB00FD5A0A /* pruebaapp.app */,
			);
			name = Products;
			sourceTree = "<group>";
		};
		B37E062D2A5613DB00FD5A0A /* pruebaapp */ = {
			isa = PBXGroup;
			children = (
				B37E06482A56434700FD5A0A /* Views */,
				B37E06442A5642BD00FD5A0A /* Utils */,
				B37E063C2A5617A700FD5A0A /* Models */,
				B37E062E2A5613DB00FD5A0A /* pruebaappApp.swift */,
				B37E06322A5613DE00FD5A0A /* Assets.xcassets */,
				B37E06342A5613DE00FD5A0A /* Preview Content */,
			);
			path = pruebaapp;
			sourceTree = "<group>";
		};
		B37E06342A5613DE00FD5A0A /* Preview Content */ = {
			isa = PBXGroup;
			children = (
				B37E06352A5613DE00FD5A0A /* Preview Assets.xcassets */,
			);
			path = "Preview Content";
			sourceTree = "<group>";
		};
		B37E063C2A5617A700FD5A0A /* Models */ = {
			isa = PBXGroup;
			children = (
				B37E063D2A5617C800FD5A0A /* Product.swift */,
			);
			path = Models;
			sourceTree = "<group>";
		};
		B37E06442A5642BD00FD5A0A /* Utils */ = {
			isa = PBXGroup;
			children = (
				B37E06462A5642DD00FD5A0A /* Colors.swift */,
			);
			path = Utils;
			sourceTree = "<group>";
		};
		B37E06482A56434700FD5A0A /* Views */ = {
			isa = PBXGroup;
			children = (
				B37E06302A5613DB00FD5A0A /* ContentView.swift */,
				B37E06492A56439900FD5A0A /* DetailView.swift */,
			);
			path = Views;
			sourceTree = "<group>";
		};
/* End PBXGroup section */

/* Begin PBXNativeTarget section */
		B37E062A2A5613DB00FD5A0A /* pruebaapp */ = {
			isa = PBXNativeTarget;
			buildConfigurationList = B37E06392A5613DE00FD5A0A /* Build configuration list for PBXNativeTarget "pruebaapp" */;
			buildPhases = (
				B37E06272A5613DB00FD5A0A /* Sources */,
				B37E06282A5613DB00FD5A0A /* Frameworks */,
				B37E06292A5613DB00FD5A0A /* Resources */,
			);
			buildRules = (
			);
			dependencies = (
			);
			name = pruebaapp;
			productName = pruebaapp;
			productReference = B37E062B2A5613DB00FD5A0A /* pruebaapp.app */;
			productType = "com.apple.product-type.application";
		};
/* End PBXNativeTarget section */

/* Begin PBXProject section */
		B37E06232A5613DB00FD5A0A /* Project object */ = {
			isa = PBXProject;
			attributes = {
				BuildIndependentTargetsInParallel = 1;
				LastSwiftUpdateCheck = 1420;
				LastUpgradeCheck = 1420;
				TargetAttributes = {
					B37E062A2A5613DB00FD5A0A = {
						CreatedOnToolsVersion = 14.2;
					};
				};
			};
			buildConfigurationList = B37E06262A5613DB00FD5A0A /* Build configuration list for PBXProject "pruebaapp" */;
			compatibilityVersion = "Xcode 14.0";
			developmentRegion = en;
			hasScannedForEncodings = 0;
			knownRegions = (
				en,
				Base,
			);
			mainGroup = B37E06222A5613DB00FD5A0A;
			productRefGroup = B37E062C2A5613DB00FD5A0A /* Products */;
			projectDirPath = "";
			projectRoot = "";
			targets = (
				B37E062A2A5613DB00FD5A0A /* pruebaapp */,
			);
		};
/* End PBXProject section */

/* Begin PBXResourcesBuildPhase section */
		B37E06292A5613DB00FD5A0A /* Resources */ = {
			isa = PBXResourcesBuildPhase;
			buildActionMask = 2147483647;
			files = (
				B37E06362A5613DE00FD5A0A /* Preview Assets.xcassets in Resources */,
				B37E06332A5613DE00FD5A0A /* Assets.xcassets in Resources */,
			);
			runOnlyForDeploymentPostprocessing = 0;
		};
/* End PBXResourcesBuildPhase section */

/* Begin PBXSourcesBuildPhase section */
		B37E06272A5613DB00FD5A0A /* Sources */ = {
			isa = PBXSourcesBuildPhase;
			buildActionMask = 2147483647;
			files = (
				B37E06312A5613DB00FD5A0A /* ContentView.swift in Sources */,
				B37E06472A5642DD00FD5A0A /* Colors.swift in Sources */,
				B37E062F2A5613DB00FD5A0A /* pruebaappApp.swift in Sources */,
				B37E064A2A56439900FD5A0A /* DetailView.swift in Sources */,
				B37E063E2A5617C800FD5A0A /* Product.swift in Sources */,
			);
			runOnlyForDeploymentPostprocessing = 0;
		};
/* End PBXSourcesBuildPhase section */

/* Begin XCBuildConfiguration section */
		B37E06372A5613DE00FD5A0A /* Debug */ = {
			isa = XCBuildConfiguration;
			buildSettings = {
				ALWAYS_SEARCH_USER_PATHS = NO;
				CLANG_ANALYZER_NONNULL = YES;
				CLANG_ANALYZER_NUMBER_OBJECT_CONVERSION = YES_AGGRESSIVE;
				CLANG_CXX_LANGUAGE_STANDARD = "gnu++20";
				CLANG_ENABLE_MODULES = YES;
				CLANG_ENABLE_OBJC_ARC = YES;
				CLANG_ENABLE_OBJC_WEAK = YES;
				CLANG_WARN_BLOCK_CAPTURE_AUTORELEASING = YES;
				CLANG_WARN_BOOL_CONVERSION = YES;
				CLANG_WARN_COMMA = YES;
				CLANG_WARN_CONSTANT_CONVERSION = YES;
				CLANG_WARN_DEPRECATED_OBJC_IMPLEMENTATIONS = YES;
				CLANG_WARN_DIRECT_OBJC_ISA_USAGE = YES_ERROR;
				CLANG_WARN_DOCUMENTATION_COMMENTS = YES;
				CLANG_WARN_EMPTY_BODY = YES;
				CLANG_WARN_ENUM_CONVERSION = YES;
				CLANG_WARN_INFINITE_RECURSION = YES;
				CLANG_WARN_INT_CONVERSION = YES;
				CLANG_WARN_NON_LITERAL_NULL_CONVERSION = YES;
				CLANG_WARN_OBJC_IMPLICIT_RETAIN_SELF = YES;
				CLANG_WARN_OBJC_LITERAL_CONVERSION = YES;
				CLANG_WARN_OBJC_ROOT_CLASS = YES_ERROR;
				CLANG_WARN_QUOTED_INCLUDE_IN_FRAMEWORK_HEADER = YES;
				CLANG_WARN_RANGE_LOOP_ANALYSIS = YES;
				CLANG_WARN_STRICT_PROTOTYPES = YES;
				CLANG_WARN_SUSPICIOUS_MOVE = YES;
				CLANG_WARN_UNGUARDED_AVAILABILITY = YES_AGGRESSIVE;
				CLANG_WARN_UNREACHABLE_CODE = YES;
				CLANG_WARN__DUPLICATE_METHOD_MATCH = YES;
				COPY_PHASE_STRIP = NO;
				DEBUG_INFORMATION_FORMAT = dwarf;
				ENABLE_STRICT_OBJC_MSGSEND = YES;
				ENABLE_TESTABILITY = YES;
				GCC_C_LANGUAGE_STANDARD = gnu11;
				GCC_DYNAMIC_NO_PIC = NO;
				GCC_NO_COMMON_BLOCKS = YES;
				GCC_OPTIMIZATION_LEVEL = 0;
				GCC_PREPROCESSOR_DEFINITIONS = (
					"DEBUG=1",
					"$(inherited)",
				);
				GCC_WARN_64_TO_32_BIT_CONVERSION = YES;
				GCC_WARN_ABOUT_RETURN_TYPE = YES_ERROR;
				GCC_WARN_UNDECLARED_SELECTOR = YES;
				GCC_WARN_UNINITIALIZED_AUTOS = YES_AGGRESSIVE;
				GCC_WARN_UNUSED_FUNCTION = YES;
				GCC_WARN_UNUSED_VARIABLE = YES;
				IPHONEOS_DEPLOYMENT_TARGET = 16.2;
				MTL_ENABLE_DEBUG_INFO = INCLUDE_SOURCE;
				MTL_FAST_MATH = YES;
				ONLY_ACTIVE_ARCH = YES;
				SDKROOT = iphoneos;
				SWIFT_ACTIVE_COMPILATION_CONDITIONS = DEBUG;
				SWIFT_OPTIMIZATION_LEVEL = "-Onone";
			};
			name = Debug;
		};
		B37E06382A5613DE00FD5A0A /* Release */ = {
			isa = XCBuildConfiguration;
			buildSettings = {
				ALWAYS_SEARCH_USER_PATHS = NO;
				CLANG_ANALYZER_NONNULL = YES;
				CLANG_ANALYZER_NUMBER_OBJECT_CONVERSION = YES_AGGRESSIVE;
				CLANG_CXX_LANGUAGE_STANDARD = "gnu++20";
				CLANG_ENABLE_MODULES = YES;
				CLANG_ENABLE_OBJC_ARC = YES;
				CLANG_ENABLE_OBJC_WEAK = YES;
				CLANG_WARN_BLOCK_CAPTURE_AUTORELEASING = YES;
				CLANG_WARN_BOOL_CONVERSION = YES;
				CLANG_WARN_COMMA = YES;
				CLANG_WARN_CONSTANT_CONVERSION = YES;
				CLANG_WARN_DEPRECATED_OBJC_IMPLEMENTATIONS = YES;
				CLANG_WARN_DIRECT_OBJC_ISA_USAGE = YES_ERROR;
				CLANG_WARN_DOCUMENTATION_COMMENTS = YES;
				CLANG_WARN_EMPTY_BODY = YES;
				CLANG_WARN_ENUM_CONVERSION = YES;
				CLANG_WARN_INFINITE_RECURSION = YES;
				CLANG_WARN_INT_CONVERSION = YES;
				CLANG_WARN_NON_LITERAL_NULL_CONVERSION = YES;
				CLANG_WARN_OBJC_IMPLICIT_RETAIN_SELF = YES;
				CLANG_WARN_OBJC_LITERAL_CONVERSION = YES;
				CLANG_WARN_OBJC_ROOT_CLASS = YES_ERROR;
				CLANG_WARN_QUOTED_INCLUDE_IN_FRAMEWORK_HEADER = YES;
				CLANG_WARN_RANGE_LOOP_ANALYSIS = YES;
				CLANG_WARN_STRICT_PROTOTYPES = YES;
				CLANG_WARN_SUSPICIOUS_MOVE = YES;
				CLANG_WARN_UNGUARDED_AVAILABILITY = YES_AGGRESSIVE;
				CLANG_WARN_UNREACHABLE_CODE = YES;
				CLANG_WARN__DUPLICATE_METHOD_MATCH = YES;
				COPY_PHASE_STRIP = NO;
				DEBUG_INFORMATION_FORMAT = "dwarf-with-dsym";
				ENABLE_NS_ASSERTIONS = NO;
				ENABLE_STRICT_OBJC_MSGSEND = YES;
				GCC_C_LANGUAGE_STANDARD = gnu11;
				GCC_NO_COMMON_BLOCKS = YES;
				GCC_WARN_64_TO_32_BIT_CONVERSION = YES;
				GCC_WARN_ABOUT_RETURN_TYPE = YES_ERROR;
				GCC_WARN_UNDECLARED_SELECTOR = YES;
				GCC_WARN_UNINITIALIZED_AUTOS = YES_AGGRESSIVE;
				GCC_WARN_UNUSED_FUNCTION = YES;
				GCC_WARN_UNUSED_VARIABLE = YES;
				IPHONEOS_DEPLOYMENT_TARGET = 16.2;
				MTL_ENABLE_DEBUG_INFO = NO;
				MTL_FAST_MATH = YES;
				SDKROOT = iphoneos;
				SWIFT_COMPILATION_MODE = wholemodule;
				SWIFT_OPTIMIZATION_LEVEL = "-O";
				VALIDATE_PRODUCT = YES;
			};
			name = Release;
		};
		B37E063A2A5613DE00FD5A0A /* Debug */ = {
			isa = XCBuildConfiguration;
			buildSettings = {
				ASSETCATALOG_COMPILER_APPICON_NAME = AppIcon;
				ASSETCATALOG_COMPILER_GLOBAL_ACCENT_COLOR_NAME = AccentColor;
				CODE_SIGN_STYLE = Automatic;
				CURRENT_PROJECT_VERSION = 1;
				DEVELOPMENT_ASSET_PATHS = "\"pruebaapp/Preview Content\"";
				DEVELOPMENT_TEAM = N5LFW8L7PS;
				ENABLE_PREVIEWS = YES;
				GENERATE_INFOPLIST_FILE = YES;
				INFOPLIST_KEY_UIApplicationSceneManifest_Generation = YES;
				INFOPLIST_KEY_UIApplicationSupportsIndirectInputEvents = YES;
				INFOPLIST_KEY_UILaunchScreen_Generation = YES;
				INFOPLIST_KEY_UISupportedInterfaceOrientations_iPad = "UIInterfaceOrientationPortrait UIInterfaceOrientationPortraitUpsideDown UIInterfaceOrientationLandscapeLeft UIInterfaceOrientationLandscapeRight";
				INFOPLIST_KEY_UISupportedInterfaceOrientations_iPhone = "UIInterfaceOrientationPortrait UIInterfaceOrientationLandscapeLeft UIInterfaceOrientationLandscapeRight";
				LD_RUNPATH_SEARCH_PATHS = (
					"$(inherited)",
					"@executable_path/Frameworks",
				);
				MARKETING_VERSION = 1.0;
				PRODUCT_BUNDLE_IDENTIFIER = com.pozos.pruebaapp;
				PRODUCT_NAME = "$(TARGET_NAME)";
				SWIFT_EMIT_LOC_STRINGS = YES;
				SWIFT_VERSION = 5.0;
				TARGETED_DEVICE_FAMILY = "1,2";
			};
			name = Debug;
		};
		B37E063B2A5613DE00FD5A0A /* Release */ = {
			isa = XCBuildConfiguration;
			buildSettings = {
				ASSETCATALOG_COMPILER_APPICON_NAME = AppIcon;
				ASSETCATALOG_COMPILER_GLOBAL_ACCENT_COLOR_NAME = AccentColor;
				CODE_SIGN_STYLE = Automatic;
				CURRENT_PROJECT_VERSION = 1;
				DEVELOPMENT_ASSET_PATHS = "\"pruebaapp/Preview Content\"";
				DEVELOPMENT_TEAM = N5LFW8L7PS;
				ENABLE_PREVIEWS = YES;
				GENERATE_INFOPLIST_FILE = YES;
				INFOPLIST_KEY_UIApplicationSceneManifest_Generation = YES;
				INFOPLIST_KEY_UIApplicationSupportsIndirectInputEvents = YES;
				INFOPLIST_KEY_UILaunchScreen_Generation = YES;
				INFOPLIST_KEY_UISupportedInterfaceOrientations_iPad = "UIInterfaceOrientationPortrait UIInterfaceOrientationPortraitUpsideDown UIInterfaceOrientationLandscapeLeft UIInterfaceOrientationLandscapeRight";
				INFOPLIST_KEY_UISupportedInterfaceOrientations_iPhone = "UIInterfaceOrientationPortrait UIInterfaceOrientationLandscapeLeft UIInterfaceOrientationLandscapeRight";
				LD_RUNPATH_SEARCH_PATHS = (
					"$(inherited)",
					"@executable_path/Frameworks",
				);
				MARKETING_VERSION = 1.0;
				PRODUCT_BUNDLE_IDENTIFIER = com.pozos.pruebaapp;
				PRODUCT_NAME = "$(TARGET_NAME)";
				SWIFT_EMIT_LOC_STRINGS = YES;
				SWIFT_VERSION = 5.0;
				TARGETED_DEVICE_FAMILY = "1,2";
			};
			name = Release;
		};
/* End XCBuildConfiguration section */

/* Begin XCConfigurationList section */
		B37E06262A5613DB00FD5A0A /* Build configuration list for PBXProject "pruebaapp" */ = {
			isa = XCConfigurationList;
			buildConfigurations = (
				B37E06372A5613DE00FD5A0A /* Debug */,
				B37E06382A5613DE00FD5A0A /* Release */,
			);
			defaultConfigurationIsVisible = 0;
			defaultConfigurationName = Release;
		};
		B37E06392A5613DE00FD5A0A /* Build configuration list for PBXNativeTarget "pruebaapp" */ = {
			isa = XCConfigurationList;
			buildConfigurations = (
				B37E063A2A5613DE00FD5A0A /* Debug */,
				B37E063B2A5613DE00FD5A0A /* Release */,
			);
			defaultConfigurationIsVisible = 0;
			defaultConfigurationName = Release;
		};
/* End XCConfigurationList section */
	};
	rootObject = B37E06232A5613DB00FD5A0A /* Project object */;
}
